// !$*UTF8*$!
{
	archiveVersion = 1;
	classes = {
	};
	objectVersion = 46;
	objects = {

/* Begin PBXBuildFile section */
		OBJ_26 /* Package.swift in Sources */ = {isa = PBXBuildFile; fileRef = OBJ_6 /* Package.swift */; };
		OBJ_32 /* SEGAmplitudeIntegration.m in Sources */ = {isa = PBXBuildFile; fileRef = OBJ_9 /* SEGAmplitudeIntegration.m */; };
		OBJ_33 /* SEGAmplitudeIntegrationFactory.m in Sources */ = {isa = PBXBuildFile; fileRef = OBJ_10 /* SEGAmplitudeIntegrationFactory.m */; };
/* End PBXBuildFile section */

/* Begin PBXFileReference section */
		OBJ_10 /* SEGAmplitudeIntegrationFactory.m */ = {isa = PBXFileReference; lastKnownFileType = sourcecode.c.objc; path = SEGAmplitudeIntegrationFactory.m; sourceTree = "<group>"; };
		OBJ_12 /* SEGAmplitudeIntegration.h */ = {isa = PBXFileReference; lastKnownFileType = sourcecode.c.h; path = SEGAmplitudeIntegration.h; sourceTree = "<group>"; };
		OBJ_13 /* SegmentAmplitude.h */ = {isa = PBXFileReference; lastKnownFileType = sourcecode.c.h; path = SegmentAmplitude.h; sourceTree = "<group>"; };
		OBJ_14 /* SEGAmplitudeIntegrationFactory.h */ = {isa = PBXFileReference; lastKnownFileType = sourcecode.c.h; path = SEGAmplitudeIntegrationFactory.h; sourceTree = "<group>"; };
		OBJ_15 /* module.modulemap */ = {isa = PBXFileReference; lastKnownFileType = "sourcecode.module-map"; name = module.modulemap; path = "../../../Segment-Amplitude.xcodeproj/GeneratedModuleMap/SegmentAmplitude/module.modulemap"; sourceTree = "<group>"; };
		OBJ_17 /* Example */ = {isa = PBXFileReference; lastKnownFileType = folder; path = Example; sourceTree = SOURCE_ROOT; };
		OBJ_18 /* Carthage */ = {isa = PBXFileReference; lastKnownFileType = folder; path = Carthage; sourceTree = SOURCE_ROOT; };
		OBJ_6 /* Package.swift */ = {isa = PBXFileReference; explicitFileType = sourcecode.swift; path = Package.swift; sourceTree = "<group>"; };
		OBJ_9 /* SEGAmplitudeIntegration.m */ = {isa = PBXFileReference; lastKnownFileType = sourcecode.c.objc; path = SEGAmplitudeIntegration.m; sourceTree = "<group>"; };
		"Segment-Amplitude::Segment-Amplitude::Product" /* SegmentAmplitude.framework */ = {isa = PBXFileReference; explicitFileType = wrapper.framework; path = SegmentAmplitude.framework; sourceTree = BUILT_PRODUCTS_DIR; };
/* End PBXFileReference section */

/* Begin PBXFrameworksBuildPhase section */
		OBJ_34 /* Frameworks */ = {
			isa = PBXFrameworksBuildPhase;
			buildActionMask = 0;
			files = (
			);
			runOnlyForDeploymentPostprocessing = 0;
		};
/* End PBXFrameworksBuildPhase section */

/* Begin PBXGroup section */
		OBJ_11 /* include */ = {
			isa = PBXGroup;
			children = (
				OBJ_12 /* SEGAmplitudeIntegration.h */,
				OBJ_13 /* SegmentAmplitude.h */,
				OBJ_14 /* SEGAmplitudeIntegrationFactory.h */,
				OBJ_15 /* module.modulemap */,
			);
			path = include;
			sourceTree = "<group>";
		};
		OBJ_16 /* Tests */ = {
			isa = PBXGroup;
			children = (
			);
			name = Tests;
			sourceTree = SOURCE_ROOT;
		};
		OBJ_19 /* Products */ = {
			isa = PBXGroup;
			children = (
				"Segment-Amplitude::Segment-Amplitude::Product" /* SegmentAmplitude.framework */,
			);
			name = Products;
			sourceTree = BUILT_PRODUCTS_DIR;
		};
		OBJ_5 = {
			isa = PBXGroup;
			children = (
				OBJ_6 /* Package.swift */,
				OBJ_7 /* Sources */,
				OBJ_16 /* Tests */,
				OBJ_17 /* Example */,
				OBJ_18 /* Carthage */,
				OBJ_19 /* Products */,
			);
			sourceTree = "<group>";
		};
		OBJ_7 /* Sources */ = {
			isa = PBXGroup;
			children = (
				OBJ_8 /* SegmentAmplitude */,
			);
			name = Sources;
			sourceTree = SOURCE_ROOT;
		};
		OBJ_8 /* SegmentAmplitude */ = {
			isa = PBXGroup;
			children = (
				OBJ_9 /* SEGAmplitudeIntegration.m */,
				OBJ_10 /* SEGAmplitudeIntegrationFactory.m */,
				OBJ_11 /* include */,
			);
			name = SegmentAmplitude;
			path = Sources/SegmentAmplitude;
			sourceTree = SOURCE_ROOT;
		};
/* End PBXGroup section */

/* Begin PBXNativeTarget section */
		"Segment-Amplitude::Segment-Amplitude" /* SegmentAmplitude */ = {
			isa = PBXNativeTarget;
			buildConfigurationList = OBJ_28 /* Build configuration list for PBXNativeTarget "SegmentAmplitude" */;
			buildPhases = (
				OBJ_31 /* Sources */,
				491F512D1FFCA71B007B7136 /* Copy Carthage Frameworks */,
				OBJ_34 /* Frameworks */,
			);
			buildRules = (
			);
			dependencies = (
			);
			name = SegmentAmplitude;
			productName = Segment_Amplitude;
			productReference = "Segment-Amplitude::Segment-Amplitude::Product" /* SegmentAmplitude.framework */;
			productType = "com.apple.product-type.framework";
		};
		"Segment-Amplitude::SwiftPMPackageDescription" /* Segment-AmplitudePackageDescription */ = {
			isa = PBXNativeTarget;
			buildConfigurationList = OBJ_22 /* Build configuration list for PBXNativeTarget "Segment-AmplitudePackageDescription" */;
			buildPhases = (
				OBJ_25 /* Sources */,
			);
			buildRules = (
			);
			dependencies = (
			);
			name = "Segment-AmplitudePackageDescription";
			productName = "Segment-AmplitudePackageDescription";
			productType = "com.apple.product-type.framework";
		};
/* End PBXNativeTarget section */

/* Begin PBXProject section */
		OBJ_1 /* Project object */ = {
			isa = PBXProject;
			attributes = {
				LastUpgradeCheck = 9999;
			};
			buildConfigurationList = OBJ_2 /* Build configuration list for PBXProject "Segment-Amplitude" */;
			compatibilityVersion = "Xcode 3.2";
			developmentRegion = English;
			hasScannedForEncodings = 0;
			knownRegions = (
				en,
			);
			mainGroup = OBJ_5;
			productRefGroup = OBJ_19 /* Products */;
			projectDirPath = "";
			projectRoot = "";
			targets = (
				"Segment-Amplitude::SwiftPMPackageDescription" /* Segment-AmplitudePackageDescription */,
				"Segment-Amplitude::Segment-Amplitude" /* SegmentAmplitude */,
			);
		};
/* End PBXProject section */

/* Begin PBXShellScriptBuildPhase section */
		491F512D1FFCA71B007B7136 /* Copy Carthage Frameworks */ = {
			isa = PBXShellScriptBuildPhase;
			buildActionMask = 2147483647;
			files = (
			);
			inputPaths = (
				"$(SRCROOT)/Carthage/Build/iOS/Amplitude.framework",
				"$(SRCROOT)/Carthage/Build/iOS/Analytics.framework",
			);
			name = "Copy Carthage Frameworks";
			outputPaths = (
			);
			runOnlyForDeploymentPostprocessing = 0;
			shellPath = /bin/sh;
			shellScript = "/usr/local/bin/carthage copy-frameworks";
		};
/* End PBXShellScriptBuildPhase section */

/* Begin PBXSourcesBuildPhase section */
		OBJ_25 /* Sources */ = {
			isa = PBXSourcesBuildPhase;
			buildActionMask = 0;
			files = (
				OBJ_26 /* Package.swift in Sources */,
			);
			runOnlyForDeploymentPostprocessing = 0;
		};
		OBJ_31 /* Sources */ = {
			isa = PBXSourcesBuildPhase;
			buildActionMask = 0;
			files = (
				OBJ_32 /* SEGAmplitudeIntegration.m in Sources */,
				OBJ_33 /* SEGAmplitudeIntegrationFactory.m in Sources */,
			);
			runOnlyForDeploymentPostprocessing = 0;
		};
/* End PBXSourcesBuildPhase section */

/* Begin XCBuildConfiguration section */
		OBJ_23 /* Debug */ = {
			isa = XCBuildConfiguration;
			buildSettings = {
				LD = /usr/bin/true;
				OTHER_SWIFT_FLAGS = "-swift-version 4 -I /Applications/Xcode-9/Xcode.app/Contents/Developer/Toolchains/XcodeDefault.xctoolchain/usr/lib/swift/pm/4 -target x86_64-apple-macosx10.10 -sdk /Applications/Xcode-9/Xcode.app/Contents/Developer/Platforms/MacOSX.platform/Developer/SDKs/MacOSX10.13.sdk";
				SWIFT_VERSION = 4.0;
			};
			name = Debug;
		};
		OBJ_24 /* Release */ = {
			isa = XCBuildConfiguration;
			buildSettings = {
				LD = /usr/bin/true;
				OTHER_SWIFT_FLAGS = "-swift-version 4 -I /Applications/Xcode-9/Xcode.app/Contents/Developer/Toolchains/XcodeDefault.xctoolchain/usr/lib/swift/pm/4 -target x86_64-apple-macosx10.10 -sdk /Applications/Xcode-9/Xcode.app/Contents/Developer/Platforms/MacOSX.platform/Developer/SDKs/MacOSX10.13.sdk";
				SWIFT_VERSION = 4.0;
			};
			name = Release;
		};
		OBJ_29 /* Debug */ = {
			isa = XCBuildConfiguration;
			buildSettings = {
				DEFINES_MODULE = YES;
				ENABLE_TESTABILITY = YES;
				FRAMEWORK_SEARCH_PATHS = (
					"$(inherited)",
					"$(SRCROOT)/Carthage/Build/iOS/",
					"$(PLATFORM_DIR)/Developer/Library/Frameworks",
				);
				HEADER_SEARCH_PATHS = (
					"$(inherited)",
					"$(SRCROOT)/Sources/SegmentAmplitude/include",
				);
				INFOPLIST_FILE = "Segment-Amplitude.xcodeproj/Segment_Amplitude_Info.plist";
				LD_RUNPATH_SEARCH_PATHS = "$(TOOLCHAIN_DIR)/usr/lib/swift/macosx";
				OTHER_LDFLAGS = "$(inherited)";
				OTHER_SWIFT_FLAGS = "$(inherited)";
				PRODUCT_BUNDLE_IDENTIFIER = "Segment-Amplitude";
				PRODUCT_MODULE_NAME = "$(TARGET_NAME:c99extidentifier)";
				PRODUCT_NAME = "$(TARGET_NAME:c99extidentifier)";
				SKIP_INSTALL = YES;
			};
			name = Debug;
		};
		OBJ_3 /* Debug */ = {
			isa = XCBuildConfiguration;
			buildSettings = {
				CLANG_ENABLE_MODULES = YES;
				CLANG_ENABLE_OBJC_ARC = YES;
				COMBINE_HIDPI_IMAGES = YES;
				COPY_PHASE_STRIP = NO;
				DEBUG_INFORMATION_FORMAT = dwarf;
				DYLIB_INSTALL_NAME_BASE = "@rpath";
				ENABLE_NS_ASSERTIONS = YES;
				GCC_OPTIMIZATION_LEVEL = 0;
				MACOSX_DEPLOYMENT_TARGET = 10.10;
				ONLY_ACTIVE_ARCH = YES;
				OTHER_SWIFT_FLAGS = "-DXcode";
				PRODUCT_NAME = "$(TARGET_NAME)";
				SDKROOT = macosx;
				SUPPORTED_PLATFORMS = "macosx iphoneos iphonesimulator appletvos appletvsimulator watchos watchsimulator";
				SWIFT_ACTIVE_COMPILATION_CONDITIONS = SWIFT_PACKAGE;
				SWIFT_OPTIMIZATION_LEVEL = "-Onone";
				USE_HEADERMAP = NO;
			};
			name = Debug;
		};
		OBJ_30 /* Release */ = {
			isa = XCBuildConfiguration;
			buildSettings = {
				DEFINES_MODULE = YES;
				ENABLE_TESTABILITY = YES;
				FRAMEWORK_SEARCH_PATHS = (
					"$(inherited)",
					"$(SRCROOT)/Carthage/Build/iOS/",
					"$(PLATFORM_DIR)/Developer/Library/Frameworks",
				);
				HEADER_SEARCH_PATHS = (
					"$(inherited)",
					"$(SRCROOT)/Sources/SegmentAmplitude/include",
				);
				INFOPLIST_FILE = "Segment-Amplitude.xcodeproj/Segment_Amplitude_Info.plist";
				LD_RUNPATH_SEARCH_PATHS = "$(TOOLCHAIN_DIR)/usr/lib/swift/macosx";
				OTHER_LDFLAGS = "$(inherited)";
				OTHER_SWIFT_FLAGS = "$(inherited)";
				PRODUCT_BUNDLE_IDENTIFIER = "Segment-Amplitude";
				PRODUCT_MODULE_NAME = "$(TARGET_NAME:c99extidentifier)";
				PRODUCT_NAME = "$(TARGET_NAME:c99extidentifier)";
				SKIP_INSTALL = YES;
			};
			name = Release;
		};
		OBJ_4 /* Release */ = {
			isa = XCBuildConfiguration;
			buildSettings = {
				CLANG_ENABLE_MODULES = YES;
				CLANG_ENABLE_OBJC_ARC = YES;
				COMBINE_HIDPI_IMAGES = YES;
				COPY_PHASE_STRIP = YES;
				DEBUG_INFORMATION_FORMAT = "dwarf-with-dsym";
				DYLIB_INSTALL_NAME_BASE = "@rpath";
				GCC_OPTIMIZATION_LEVEL = s;
				MACOSX_DEPLOYMENT_TARGET = 10.10;
				OTHER_SWIFT_FLAGS = "-DXcode";
				PRODUCT_NAME = "$(TARGET_NAME)";
				SDKROOT = macosx;
				SUPPORTED_PLATFORMS = "macosx iphoneos iphonesimulator appletvos appletvsimulator watchos watchsimulator";
				SWIFT_ACTIVE_COMPILATION_CONDITIONS = SWIFT_PACKAGE;
				SWIFT_OPTIMIZATION_LEVEL = "-Owholemodule";
				USE_HEADERMAP = NO;
			};
			name = Release;
		};
/* End XCBuildConfiguration section */

/* Begin XCConfigurationList section */
		OBJ_2 /* Build configuration list for PBXProject "Segment-Amplitude" */ = {
			isa = XCConfigurationList;
			buildConfigurations = (
				OBJ_3 /* Debug */,
				OBJ_4 /* Release */,
			);
			defaultConfigurationIsVisible = 0;
			defaultConfigurationName = Debug;
		};
		OBJ_22 /* Build configuration list for PBXNativeTarget "Segment-AmplitudePackageDescription" */ = {
			isa = XCConfigurationList;
			buildConfigurations = (
				OBJ_23 /* Debug */,
				OBJ_24 /* Release */,
			);
			defaultConfigurationIsVisible = 0;
			defaultConfigurationName = Debug;
		};
		OBJ_28 /* Build configuration list for PBXNativeTarget "SegmentAmplitude" */ = {
			isa = XCConfigurationList;
			buildConfigurations = (
				OBJ_29 /* Debug */,
				OBJ_30 /* Release */,
			);
			defaultConfigurationIsVisible = 0;
			defaultConfigurationName = Debug;
		};
/* End XCConfigurationList section */
	};
	rootObject = OBJ_1 /* Project object */;
}
